
Microsoft Visual Studio Solution File, Format Version 12.00
# Visual Studio Version 17
VisualStudioVersion = 17.13.35931.197 d17.13
MinimumVisualStudioVersion = 10.0.40219.1
Project("{8BC9CEB8-8B4A-11D0-8D11-00A0C91BC942}") = "HelloWorld", "HelloWorld\HelloWorld.vcxproj", "{464204DA-27D9-41AD-A4DA-9BFBC5FB9D67}"
EndProject
Project("{8BC9CEB8-8B4A-11D0-8D11-00A0C91BC942}") = "HelloWorld2.0", "HelloWorld2.0\HelloWorld2.0.vcxproj", "{736E89FE-3A29-488E-96D6-90532D35597B}"
EndProject
Global
	GlobalSection(SolutionConfigurationPlatforms) = preSolution
		Debug|x64 = Debug|x64
		Debug|x86 = Debug|x86
		Release|x64 = Release|x64
		Release|x86 = Release|x86
	EndGlobalSection
	GlobalSection(ProjectConfigurationPlatforms) = postSolution
		{464204DA-27D9-41AD-A4DA-9BFBC5FB9D67}.Debug|x64.ActiveCfg = Debug|x64
		{464204DA-27D9-41AD-A4DA-9BFBC5FB9D67}.Debug|x64.Build.0 = Debug|x64
		{464204DA-27D9-41AD-A4DA-9BFBC5FB9D67}.Debug|x86.ActiveCfg = Debug|Win32
		{464204DA-27D9-41AD-A4DA-9BFBC5FB9D67}.Debug|x86.Build.0 = Debug|Win32
		{464204DA-27D9-41AD-A4DA-9BFBC5FB9D67}.Release|x64.ActiveCfg = Release|x64
		{464204DA-27D9-41AD-A4DA-9BFBC5FB9D67}.Release|x64.Build.0 = Release|x64
		{464204DA-27D9-41AD-A4DA-9BFBC5FB9D67}.Release|x86.ActiveCfg = Release|Win32
		{464204DA-27D9-41AD-A4DA-9BFBC5FB9D67}.Release|x86.Build.0 = Release|Win32
		{736E89FE-3A29-488E-96D6-90532D35597B}.Debug|x64.ActiveCfg = Debug|x64
		{736E89FE-3A29-488E-96D6-90532D35597B}.Debug|x64.Build.0 = Debug|x64
		{736E89FE-3A29-488E-96D6-90532D35597B}.Debug|x86.ActiveCfg = Debug|Win32
		{736E89FE-3A29-488E-96D6-90532D35597B}.Debug|x86.Build.0 = Debug|Win32
		{736E89FE-3A29-488E-96D6-90532D35597B}.Release|x64.ActiveCfg = Release|x64
		{736E89FE-3A29-488E-96D6-90532D35597B}.Release|x64.Build.0 = Release|x64
		{736E89FE-3A29-488E-96D6-90532D35597B}.Release|x86.ActiveCfg = Release|Win32
		{736E89FE-3A29-488E-96D6-90532D35597B}.Release|x86.Build.0 = Release|Win32
	EndGlobalSection
	GlobalSection(SolutionProperties) = preSolution
		HideSolutionNode = FALSE
	EndGlobalSection
	GlobalSection(ExtensibilityGlobals) = postSolution
		SolutionGuid = {CEFCC5D8-BF87-4BF7-B695-D3153F682F01}
	EndGlobalSection
EndGlobal
